{
    "version": 3,
    "terraform_version": "0.11.12",
    "serial": 7,
    "lineage": "d2fae986-9e26-67c0-1cd7-e54d3f54938b",
    "modules": [
        {
            "path": [
                "root"
            ],
            "outputs": {},
            "resources": {
                "google_compute_firewall.firewall": {
                    "type": "google_compute_firewall",
                    "depends_on": [
                        "google_compute_network.vpc"
                    ],
                    "primary": {
                        "id": "dev-firewall",
                        "attributes": {
                            "allow.#": "2",
                            "allow.1367131964.ports.#": "0",
                            "allow.1367131964.protocol": "icmp",
                            "allow.803338340.ports.#": "1",
                            "allow.803338340.ports.0": "22",
                            "allow.803338340.protocol": "tcp",
                            "creation_timestamp": "2019-03-28T02:05:17.763-07:00",
                            "deny.#": "0",
                            "description": "",
                            "destination_ranges.#": "0",
                            "direction": "INGRESS",
                            "disabled": "false",
                            "id": "dev-firewall",
                            "name": "dev-firewall",
                            "network": "https://www.googleapis.com/compute/v1/projects/sudhamsdev/global/networks/dev-vpc",
                            "priority": "1000",
                            "project": "sudhamsdev",
                            "self_link": "https://www.googleapis.com/compute/v1/projects/sudhamsdev/global/firewalls/dev-firewall",
                            "source_ranges.#": "1",
                            "source_ranges.1080289494": "0.0.0.0/0",
                            "source_service_accounts.#": "0",
                            "source_tags.#": "0",
                            "target_service_accounts.#": "0",
                            "target_tags.#": "0"
                        },
                        "meta": {
                            "e2bfb730-ecaa-11e6-8f88-34363bc7c4c0": {
                                "create": 240000000000,
                                "delete": 240000000000,
                                "update": 240000000000
                            },
                            "schema_version": "1"
                        },
                        "tainted": false
                    },
                    "deposed": [],
                    "provider": "provider.google"
                },
                "google_compute_network.vpc": {
                    "type": "google_compute_network",
                    "depends_on": [],
                    "primary": {
                        "id": "dev-vpc",
                        "attributes": {
                            "auto_create_subnetworks": "false",
                            "description": "",
                            "gateway_ipv4": "",
                            "id": "dev-vpc",
                            "ipv4_range": "",
                            "name": "dev-vpc",
                            "project": "sudhamsdev",
                            "routing_mode": "REGIONAL",
                            "self_link": "https://www.googleapis.com/compute/v1/projects/sudhamsdev/global/networks/dev-vpc"
                        },
                        "meta": {},
                        "tainted": false
                    },
                    "deposed": [],
                    "provider": "provider.google"
                },
                "google_compute_subnetwork.subnet": {
                    "type": "google_compute_subnetwork",
                    "depends_on": [
                        "google_compute_network.vpc"
                    ],
                    "primary": {
                        "id": "asia-east1/dev-subnet",
                        "attributes": {
                            "creation_timestamp": "2019-03-28T02:05:18.365-07:00",
                            "description": "",
                            "enable_flow_logs": "false",
                            "fingerprint": "K6e9Oz8kKNs=",
                            "gateway_address": "10.10.0.1",
                            "id": "asia-east1/dev-subnet",
                            "ip_cidr_range": "10.10.0.0/24",
                            "name": "dev-subnet",
                            "network": "https://www.googleapis.com/compute/v1/projects/sudhamsdev/global/networks/dev-vpc",
                            "private_ip_google_access": "false",
                            "project": "sudhamsdev",
                            "region": "asia-east1",
                            "secondary_ip_range.#": "0",
                            "self_link": "https://www.googleapis.com/compute/v1/projects/sudhamsdev/regions/asia-east1/subnetworks/dev-subnet"
                        },
                        "meta": {
                            "e2bfb730-ecaa-11e6-8f88-34363bc7c4c0": {
                                "create": 360000000000,
                                "delete": 360000000000,
                                "update": 360000000000
                            }
                        },
                        "tainted": false
                    },
                    "deposed": [],
                    "provider": "provider.google"
                },
                "google_container_cluster.gke-cluster": {
                    "type": "google_container_cluster",
                    "depends_on": [],
                    "primary": {
                        "id": "my-first-gke-cluster",
                        "attributes": {
                            "additional_zones.#": "0",
                            "addons_config.#": "1",
                            "addons_config.0.horizontal_pod_autoscaling.#": "0",
                            "addons_config.0.http_load_balancing.#": "0",
                            "addons_config.0.kubernetes_dashboard.#": "1",
                            "addons_config.0.kubernetes_dashboard.0.disabled": "true",
                            "addons_config.0.network_policy_config.#": "1",
                            "addons_config.0.network_policy_config.0.disabled": "true",
                            "cluster_autoscaling.#": "0",
                            "cluster_ipv4_cidr": "10.4.0.0/14",
                            "description": "",
                            "enable_kubernetes_alpha": "false",
                            "enable_legacy_abac": "false",
                            "endpoint": "34.80.100.225",
                            "id": "my-first-gke-cluster",
                            "initial_node_count": "3",
                            "instance_group_urls.#": "1",
                            "instance_group_urls.0": "https://www.googleapis.com/compute/v1/projects/sudhamsdev/zones/asia-east1-b/instanceGroups/gke-my-first-gke-cluster-default-pool-6b2a5477-grp",
                            "ip_allocation_policy.#": "0",
                            "logging_service": "logging.googleapis.com",
                            "maintenance_policy.#": "0",
                            "master_auth.#": "1",
                            "master_auth.0.client_certificate": "LS0tLS1CRUdJTiBDRVJUSUZJQ0FURS0tLS0tCk1JSUMyekNDQWNPZ0F3SUJBZ0lSQU5FdTVKOHRKSVZMdXhoMjMxV3g1ZnN3RFFZSktvWklodmNOQVFFTEJRQXcKTHpFdE1Dc0dBMVVFQXhNa09URTFOREZpTkRNdE5USmpaUzAwTm1ObExUazJNRGd0TkRjd05EUm1PVGRrTmpJeQpNQjRYRFRFNU1ETXlPREE1TkRFME5Gb1hEVEkwTURNeU5qQTVOREUwTkZvd0VURVBNQTBHQTFVRUF4TUdZMnhwClpXNTBNSUlCSWpBTkJna3Foa2lHOXcwQkFRRUZBQU9DQVE4QU1JSUJDZ0tDQVFFQXZEQWVxVGs4clZuZzNDbEUKNVMvQ3FlM29FS3cwWjF0QklHSGRwdWdPajhoMW14SjMwRVRpcVRKbGg0Mzc2VTRXOVJmajlVK0dEbjBjRS9vSQp1RXB3enh0c29wUUczb1phalUrOTdCK1E2QnBXRWgzYzNTVEFnYTRhZjVRQ0szQUhEZk45QmszVXI1UUwzdVRzCkgxa3g1WnhuZkNON0MrMnpKK1hmamtzVjNKRE9Zc01PSWhFYnI2Y2psZ25MVmJUc2FtclpBNVNmU2RRVVJ1dVEKeXBrUEgzZ0lrUWlLYnBhZlNqd0N5SjRvT0JwMWIzZWZCVCszeThIY0wzaEhEbnBqVHdKQ3dnNXVlV3NhZ1BDegpxUWVwd2RLRUZXQm4zaDZqeE4rUStXcUxPaURwS0V6Znp0SXpsWVVsbWcrUzlNTFNnOU5ENTJLanVHWVVUdWJyCktKYUdPUUlEQVFBQm94QXdEakFNQmdOVkhSTUJBZjhFQWpBQU1BMEdDU3FHU0liM0RRRUJDd1VBQTRJQkFRQlEKN1NxQ1ZodCtYdzRtZTh5bmZ6SmMvM1FUVis0b2tVdWg4bkdjSXJtL2NuaE9qOTRzWXRBSzFJZWFSajVaVWk3cApjdW1lVWpJM3NreWNKdmhJc3NjRWJxbTRtSi9aVHV5LzdGbHBkWXVWQkwxTnVoaHF4T3RNNFVpa3MwcCtmZWpUCmJlVEV3QytZTDFudHhLL0NSamdqZ3BrbzdMQXVmR1g2VUkvRTRtaStBeFMycEhQTjFYbjVrTU85cjZSR3FVdisKNWE5MDdoYkMwWVplKzNtdGhoUmtPaDh0YnRrTUVvOG9GT3plK2lOa3BlQkxQOUVmWXRiSUFYYVVsNlNUZXdBRQp2eDkxTGtwNE1IYXY2dGZaL2hjU2FyWVY0Y0lBUyt0Q3ZVbU1BcEFjd2JtTFFxdVJNSEVJRlFOWDlvY1lRU05NCkwvdW9RbjhsbzdoNDZaeGJHYUtoCi0tLS0tRU5EIENFUlRJRklDQVRFLS0tLS0K",
                            "master_auth.0.client_certificate_config.#": "0",
                            "master_auth.0.client_key": "LS0tLS1CRUdJTiBSU0EgUFJJVkFURSBLRVktLS0tLQpNSUlFb3dJQkFBS0NBUUVBdkRBZXFUazhyVm5nM0NsRTVTL0NxZTNvRUt3MFoxdEJJR0hkcHVnT2o4aDFteEozCjBFVGlxVEpsaDQzNzZVNFc5UmZqOVUrR0RuMGNFL29JdUVwd3p4dHNvcFFHM29aYWpVKzk3QitRNkJwV0VoM2MKM1NUQWdhNGFmNVFDSzNBSERmTjlCazNVcjVRTDN1VHNIMWt4NVp4bmZDTjdDKzJ6SitYZmprc1YzSkRPWXNNTwpJaEVicjZjamxnbkxWYlRzYW1yWkE1U2ZTZFFVUnV1UXlwa1BIM2dJa1FpS2JwYWZTandDeUo0b09CcDFiM2VmCkJUKzN5OEhjTDNoSERucGpUd0pDd2c1dWVXc2FnUEN6cVFlcHdkS0VGV0JuM2g2anhOK1ErV3FMT2lEcEtFemYKenRJemxZVWxtZytTOU1MU2c5TkQ1MktqdUdZVVR1YnJLSmFHT1FJREFRQUJBb0lCQUJiWlc5dXRucXVvbWtmNAovY3U3QXc1NVc2QXNuSGRCS2ZUcDFRMEhKMzkzTmlwVU1YWjQ2ckZpOUZkaldxY082M1FxU0t3WUVmMlAzTGtqCk5teFQ0NE1PQUNCMFN5bzVFMlVOZmRDZDI0MEc1NVR2Q2NwVEJFbXFqejZXeExXcjlqdFFLVW02NlB4QmhEaDEKd0tLa3hJMXRzbFh0QSt0a21zaFpIWTNzR1hVc2JZU3dpcUFEZ0pQZHkvQkE0TkY4NllCZUlmZW9ERVhBcmJHbgo1NXlSOGY1OHpxOHNmaGQwYWg3VGhPT3JhTXQvRTltYmhBamY5a2xRcmdiZjIzcE9Gc0JndG4wZUR5OU5jYVY0ClUvV2sxTWU2NU1BRFpRYlJlU1FaZ1ZKd1hDU0w5NHN2cVBFWGdHSEN1R3BRcjV6WlJPS2ludUlkdU9CRXAwRTYKUTlaaGdpRUNnWUVBNFpYU3ZVeGcwUUEwQUgrVmxPM0VQREJkdXkvWG05cVNOeXNETUhqNkExUlV1MWF0aXlqUQpCa0w0L0VyVVY3SzNGSkFINjVIME1SbmhXR3dHUnArSHpESzBFcGY0d3BlcHIreXVhVXYxMk85Z0RzY0MyaGhWCjF2Mkl4WFlvM21zbFNSRmhFazUzUndkVDR5RVROSkMyYm1POUJQUU5HcFE1OXMrcURwSSs5SkVDZ1lFQTFZK0QKTi96NWVNekxha0FaTGdXQXR1Q1oxMzkrNUVoU29wSEtYZ2tTWDA1Uk5xank0Mm5TLzJSRUwwVndDamx6VXhUSQpIT1c0L0dVWmpYUVkxWHlZSzFYeFM4Z0tDQk11L011VVVyYUw0dTdSTUdlbjdRcjZadnYvOFB5Y2VEZnVwaXhUCk1PMjd4VG1ScGl3WGQ4UHFub0VlQWJ4ZmdFOTNmRGtZSXFVZEt5a0NnWUJKaUtBWWFyUklqS3RtMmkvMVN3Z2oKb3BSN054NHVSTEpTMzJkN3ZvT280QzE2bjhlVVRDcDdVQXQvbWhqYnVYcnFiZ1RXNmszU1Q2QmdSVjVLV1NoWQpETk1jR0lQVFVzTFNnUEZkaTVCSk5jWjNLcklvUzdSM2owK3RKbFl1SW5rVjkxOVFLMW5BUW9nNnlvWkxKVDBDCmdPcVZtY1JIdkxla1Y0OFVqdUdNc1FLQmdRQ0REd2FOSm4rRzVjOXp6aEJsME5TejVsUWpEc2cxbWppME1kcEsKS1RFUU1nVGZFWUcxbEN6N3RIR3Z2T0pNTkFPVkdlelE1eDNHTHRrbW1QZmdsQXppazJSNGlETzN6dVlJRjN0WAo0MVVubUQzaWdjcHBTMUp1UHZwTHp3ckxNREFSNUtQTkpDZ1dtZ1RMUU1YS0p2NWw5WUVQdWFXMkhZNkxPcEtZCk9GSVZPUUtCZ0JqZUpLNjlIVzZNME5OVUd3MzU3bzNQb1FBTVVFc3hCU3dFVkdqWnZNczJKOWR6eUd1WUlSb0gKVkN6SEMwN0xsMmdQSnNWdUdRVTRzbXhCYVNsVmtqN0FvZmlwTFFZOTNMc1VvcWgwVHkrcUl2NGpOSGcvY0xyMQp5OFpMaGtpNWNVZk9obmJ5amhrOFg5cW5LZGVLYXFnQXNUSER3Qlk2MFB4bDFCQUxHeS9TCi0tLS0tRU5EIFJTQSBQUklWQVRFIEtFWS0tLS0tCg==",
                            "master_auth.0.cluster_ca_certificate": "LS0tLS1CRUdJTiBDRVJUSUZJQ0FURS0tLS0tCk1JSURERENDQWZTZ0F3SUJBZ0lSQU9WOGhNVjBjMUxFT2hqZi9Cd0RPa0F3RFFZSktvWklodmNOQVFFTEJRQXcKTHpFdE1Dc0dBMVVFQXhNa09URTFOREZpTkRNdE5USmpaUzAwTm1ObExUazJNRGd0TkRjd05EUm1PVGRrTmpJeQpNQjRYRFRFNU1ETXlPREE0TkRFME0xb1hEVEkwTURNeU5qQTVOREUwTTFvd0x6RXRNQ3NHQTFVRUF4TWtPVEUxCk5ERmlORE10TlRKalpTMDBObU5sTFRrMk1EZ3RORGN3TkRSbU9UZGtOakl5TUlJQklqQU5CZ2txaGtpRzl3MEIKQVFFRkFBT0NBUThBTUlJQkNnS0NBUUVBdDMweERaVVhSNkJCYnZjNk9rTURRQWZGcXdiVnJ4WHFVdCs4Z3c1eQpzU0J2UFQ0cWx1VTc1MG9zMGhwTTBuRHMvbTNPMGMrMVc4WlBVRnFIZVcrcTFPYm9ZSVQwTW1BK1VKRnlnTS9ICmM1MDBsL2pTcmJSMGdNTktHSWxjUEJ0UlowcWJkcFFpQkxxSUQyVENEc1dTSmpETVBJMTdMNFA3SHRrYkIwTEQKTHVzUjh0VThObnpoc0cyZ3AwZllORGIxa2hZNEluMDlOVVBDNldSTC9nRDYvMHdoWHZMWGlEd25QR0VkU1lkUQpiSmF3b1ArdmZmL1FHZ09JVnJkcmxjNUZ3OUtrUjhhT01MS0R2TEttWWZ0ZGJLWDdHTGZqdnpDUmx0ZlJIZWw5CnJJQW4xYjNTak5ROEl0eDJGQjc3aFhhTDEzUXMvNDFRbDJnR1krSkNrdWVqS3dJREFRQUJveU13SVRBT0JnTlYKSFE4QkFmOEVCQU1DQWdRd0R3WURWUjBUQVFIL0JBVXdBd0VCL3pBTkJna3Foa2lHOXcwQkFRc0ZBQU9DQVFFQQpkL0FUcmxjMVhDVWlMcHgybllxNFpWeVlJRU1MZW9GVzYvOVpEOGpnQVFIcHJhL3J1SloxNG9aSEZKcjdJMVlpCnBCRGowOUJ0MDhOeG9OODZBdjFoQmhYSkxWNXZ6Mmh5TFJpTzFURk1NazhQV2N3S3RDa1V0ZEpsTHhOL05UUlYKZitlL3pUcnU3enQ1VytKS09NNlFKcmI2czAwMGtKYWhqR0x3ZlFFMEpwQ0pJSktVQzVwajBNMzBpVXYzcnZMMwpwZ3pQdEM4UjB2NEt2MEdRMzNLYVV3dnIydThOQ2hKb3RoUkFwQXE1WE9nRXpNZ091VGxTSXhPRENvODByUlNQCjM4K0ZKcVI2bzMzVWw0WnBVUkRUdGp1OEVSenFBOXp0VWlJcUhGVE5mQXBUeVFBT3duOW4vOFdoUGVrbDVRRmEKT3RzTll6UExUTWFvOHV4Y1ZrTDRxZz09Ci0tLS0tRU5EIENFUlRJRklDQVRFLS0tLS0K",
                            "master_auth.0.password": "OAiS4fanmsWnv7aw",
                            "master_auth.0.username": "admin",
                            "master_authorized_networks_config.#": "0",
                            "master_version": "1.11.7-gke.12",
                            "monitoring_service": "monitoring.googleapis.com",
                            "name": "my-first-gke-cluster",
                            "network": "projects/sudhamsdev/global/networks/dev-vpc",
                            "network_policy.#": "1",
                            "network_policy.0.enabled": "false",
                            "network_policy.0.provider": "PROVIDER_UNSPECIFIED",
                            "node_config.#": "1",
                            "node_config.0.disk_size_gb": "100",
                            "node_config.0.disk_type": "pd-standard",
                            "node_config.0.guest_accelerator.#": "0",
                            "node_config.0.image_type": "COS",
                            "node_config.0.labels.%": "0",
                            "node_config.0.local_ssd_count": "0",
                            "node_config.0.machine_type": "n1-standard-1",
                            "node_config.0.metadata.%": "0",
                            "node_config.0.min_cpu_platform": "",
                            "node_config.0.oauth_scopes.#": "6",
                            "node_config.0.oauth_scopes.1277378754": "https://www.googleapis.com/auth/monitoring",
                            "node_config.0.oauth_scopes.1632638332": "https://www.googleapis.com/auth/devstorage.read_only",
                            "node_config.0.oauth_scopes.172152165": "https://www.googleapis.com/auth/logging.write",
                            "node_config.0.oauth_scopes.316356861": "https://www.googleapis.com/auth/service.management.readonly",
                            "node_config.0.oauth_scopes.435947482": "https://www.googleapis.com/auth/trace.append",
                            "node_config.0.oauth_scopes.631476421": "https://www.googleapis.com/auth/servicecontrol",
                            "node_config.0.preemptible": "false",
                            "node_config.0.service_account": "default",
                            "node_config.0.tags.#": "0",
                            "node_config.0.taint.#": "0",
                            "node_config.0.workload_metadata_config.#": "0",
                            "node_pool.#": "1",
                            "node_pool.0.autoscaling.#": "0",
                            "node_pool.0.initial_node_count": "3",
                            "node_pool.0.instance_group_urls.#": "1",
                            "node_pool.0.instance_group_urls.0": "https://www.googleapis.com/compute/v1/projects/sudhamsdev/zones/asia-east1-b/instanceGroupManagers/gke-my-first-gke-cluster-default-pool-6b2a5477-grp",
                            "node_pool.0.management.#": "1",
                            "node_pool.0.management.0.auto_repair": "false",
                            "node_pool.0.management.0.auto_upgrade": "false",
                            "node_pool.0.max_pods_per_node": "0",
                            "node_pool.0.name": "default-pool",
                            "node_pool.0.name_prefix": "",
                            "node_pool.0.node_config.#": "1",
                            "node_pool.0.node_config.0.disk_size_gb": "100",
                            "node_pool.0.node_config.0.disk_type": "pd-standard",
                            "node_pool.0.node_config.0.guest_accelerator.#": "0",
                            "node_pool.0.node_config.0.image_type": "COS",
                            "node_pool.0.node_config.0.labels.%": "0",
                            "node_pool.0.node_config.0.local_ssd_count": "0",
                            "node_pool.0.node_config.0.machine_type": "n1-standard-1",
                            "node_pool.0.node_config.0.metadata.%": "0",
                            "node_pool.0.node_config.0.min_cpu_platform": "",
                            "node_pool.0.node_config.0.oauth_scopes.#": "6",
                            "node_pool.0.node_config.0.oauth_scopes.1277378754": "https://www.googleapis.com/auth/monitoring",
                            "node_pool.0.node_config.0.oauth_scopes.1632638332": "https://www.googleapis.com/auth/devstorage.read_only",
                            "node_pool.0.node_config.0.oauth_scopes.172152165": "https://www.googleapis.com/auth/logging.write",
                            "node_pool.0.node_config.0.oauth_scopes.316356861": "https://www.googleapis.com/auth/service.management.readonly",
                            "node_pool.0.node_config.0.oauth_scopes.435947482": "https://www.googleapis.com/auth/trace.append",
                            "node_pool.0.node_config.0.oauth_scopes.631476421": "https://www.googleapis.com/auth/servicecontrol",
                            "node_pool.0.node_config.0.preemptible": "false",
                            "node_pool.0.node_config.0.service_account": "default",
                            "node_pool.0.node_config.0.tags.#": "0",
                            "node_pool.0.node_config.0.taint.#": "0",
                            "node_pool.0.node_config.0.workload_metadata_config.#": "0",
                            "node_pool.0.node_count": "3",
                            "node_pool.0.version": "1.11.7-gke.12",
                            "node_version": "1.11.7-gke.12",
                            "private_cluster_config.#": "0",
                            "project": "sudhamsdev",
                            "resource_labels.%": "0",
                            "subnetwork": "projects/sudhamsdev/regions/asia-east1/subnetworks/dev-subnet",
                            "zone": "asia-east1-b"
                        },
                        "meta": {
                            "e2bfb730-ecaa-11e6-8f88-34363bc7c4c0": {
                                "create": 1800000000000,
                                "delete": 1800000000000,
                                "update": 1800000000000
                            },
                            "schema_version": "1"
                        },
                        "tainted": false
                    },
                    "deposed": [],
                    "provider": "provider.google"
                }
            },
            "depends_on": []
        }
    ]
}
